
Microsoft Visual Studio Solution File, Format Version 12.00
# Visual Studio Version 17
VisualStudioVersion = 17.5.33424.131
MinimumVisualStudioVersion = 10.0.40219.1
Project("{FAE04EC0-301F-11D3-BF4B-00C04F79EFBC}") = "Seminar5Forms", "Seminar5Forms\Seminar5Forms.csproj", "{12673308-1880-4DD7-AFC2-307A33401DF2}"
EndProject
Project("{9A19103F-16F7-4668-BE54-9A1E7A4F7556}") = "SyncMethod", "SyncMethod\SyncMethod.csproj", "{C0BDFFF5-E91B-4A58-9FC2-ACE3133E123E}"
EndProject
Project("{9A19103F-16F7-4668-BE54-9A1E7A4F7556}") = "SyncProblems", "SyncProblems\SyncProblems.csproj", "{63D3E6AD-4490-4C29-A527-60716606530B}"
EndProject
Project("{FAE04EC0-301F-11D3-BF4B-00C04F79EFBC}") = "Seminar6Forms", "Seminar6Forms\Seminar6Forms.csproj", "{9FE1A5B6-8153-4C3C-9239-D0DCBE45B170}"
EndProject
Project("{FAE04EC0-301F-11D3-BF4B-00C04F79EFBC}") = "Seminar7Forms", "Seminar7Forms\Seminar7Forms.csproj", "{432DA340-EE3F-429D-98CD-D94757BA4123}"
EndProject
Global
	GlobalSection(SolutionConfigurationPlatforms) = preSolution
		Debug|Any CPU = Debug|Any CPU
		Release|Any CPU = Release|Any CPU
	EndGlobalSection
	GlobalSection(ProjectConfigurationPlatforms) = postSolution
		{12673308-1880-4DD7-AFC2-307A33401DF2}.Debug|Any CPU.ActiveCfg = Debug|Any CPU
		{12673308-1880-4DD7-AFC2-307A33401DF2}.Debug|Any CPU.Build.0 = Debug|Any CPU
		{12673308-1880-4DD7-AFC2-307A33401DF2}.Release|Any CPU.ActiveCfg = Release|Any CPU
		{12673308-1880-4DD7-AFC2-307A33401DF2}.Release|Any CPU.Build.0 = Release|Any CPU
		{C0BDFFF5-E91B-4A58-9FC2-ACE3133E123E}.Debug|Any CPU.ActiveCfg = Debug|Any CPU
		{C0BDFFF5-E91B-4A58-9FC2-ACE3133E123E}.Debug|Any CPU.Build.0 = Debug|Any CPU
		{C0BDFFF5-E91B-4A58-9FC2-ACE3133E123E}.Release|Any CPU.ActiveCfg = Release|Any CPU
		{C0BDFFF5-E91B-4A58-9FC2-ACE3133E123E}.Release|Any CPU.Build.0 = Release|Any CPU
		{63D3E6AD-4490-4C29-A527-60716606530B}.Debug|Any CPU.ActiveCfg = Debug|Any CPU
		{63D3E6AD-4490-4C29-A527-60716606530B}.Debug|Any CPU.Build.0 = Debug|Any CPU
		{63D3E6AD-4490-4C29-A527-60716606530B}.Release|Any CPU.ActiveCfg = Release|Any CPU
		{63D3E6AD-4490-4C29-A527-60716606530B}.Release|Any CPU.Build.0 = Release|Any CPU
		{9FE1A5B6-8153-4C3C-9239-D0DCBE45B170}.Debug|Any CPU.ActiveCfg = Debug|Any CPU
		{9FE1A5B6-8153-4C3C-9239-D0DCBE45B170}.Debug|Any CPU.Build.0 = Debug|Any CPU
		{9FE1A5B6-8153-4C3C-9239-D0DCBE45B170}.Release|Any CPU.ActiveCfg = Release|Any CPU
		{9FE1A5B6-8153-4C3C-9239-D0DCBE45B170}.Release|Any CPU.Build.0 = Release|Any CPU
		{432DA340-EE3F-429D-98CD-D94757BA4123}.Debug|Any CPU.ActiveCfg = Debug|Any CPU
		{432DA340-EE3F-429D-98CD-D94757BA4123}.Debug|Any CPU.Build.0 = Debug|Any CPU
		{432DA340-EE3F-429D-98CD-D94757BA4123}.Release|Any CPU.ActiveCfg = Release|Any CPU
		{432DA340-EE3F-429D-98CD-D94757BA4123}.Release|Any CPU.Build.0 = Release|Any CPU
	EndGlobalSection
	GlobalSection(SolutionProperties) = preSolution
		HideSolutionNode = FALSE
	EndGlobalSection
	GlobalSection(ExtensibilityGlobals) = postSolution
		SolutionGuid = {B4D4BA03-5467-4817-A437-10580CF22860}
	EndGlobalSection
EndGlobal
